
Microsoft Visual Studio Solution File, Format Version 12.00
# Visual Studio Version 16
VisualStudioVersion = 16.0.29009.5
MinimumVisualStudioVersion = 10.0.40219.1
Project("{8BC9CEB8-8B4A-11D0-8D11-00A0C91BC942}") = "HelloWindow", "HelloWindow\HelloWindow.vcxproj", "{C4627775-30AA-4C36-A6DE-DA72D2EACC11}"
EndProject
Project("{8BC9CEB8-8B4A-11D0-8D11-00A0C91BC942}") = "HelloTriangle", "HelloTriangle\HelloTriangle.vcxproj", "{7261F757-5F8D-4009-8319-534A0AA03335}"
EndProject
Project("{8BC9CEB8-8B4A-11D0-8D11-00A0C91BC942}") = "Textures", "Textures\Textures.vcxproj", "{FAF18C56-2863-4E71-B36F-FA043409419D}"
EndProject
Project("{8BC9CEB8-8B4A-11D0-8D11-00A0C91BC942}") = "Shaders", "Shaders\Shaders.vcxproj", "{B9AF3A96-5F3A-41C3-BF28-F42D0B0B09BE}"
EndProject
Global
	GlobalSection(SolutionConfigurationPlatforms) = preSolution
		Debug|x64 = Debug|x64
		Debug|x86 = Debug|x86
		Release|x64 = Release|x64
		Release|x86 = Release|x86
	EndGlobalSection
	GlobalSection(ProjectConfigurationPlatforms) = postSolution
		{C4627775-30AA-4C36-A6DE-DA72D2EACC11}.Debug|x64.ActiveCfg = Debug|x64
		{C4627775-30AA-4C36-A6DE-DA72D2EACC11}.Debug|x64.Build.0 = Debug|x64
		{C4627775-30AA-4C36-A6DE-DA72D2EACC11}.Debug|x86.ActiveCfg = Debug|Win32
		{C4627775-30AA-4C36-A6DE-DA72D2EACC11}.Debug|x86.Build.0 = Debug|Win32
		{C4627775-30AA-4C36-A6DE-DA72D2EACC11}.Release|x64.ActiveCfg = Release|x64
		{C4627775-30AA-4C36-A6DE-DA72D2EACC11}.Release|x64.Build.0 = Release|x64
		{C4627775-30AA-4C36-A6DE-DA72D2EACC11}.Release|x86.ActiveCfg = Release|Win32
		{C4627775-30AA-4C36-A6DE-DA72D2EACC11}.Release|x86.Build.0 = Release|Win32
		{7261F757-5F8D-4009-8319-534A0AA03335}.Debug|x64.ActiveCfg = Debug|x64
		{7261F757-5F8D-4009-8319-534A0AA03335}.Debug|x64.Build.0 = Debug|x64
		{7261F757-5F8D-4009-8319-534A0AA03335}.Debug|x86.ActiveCfg = Debug|Win32
		{7261F757-5F8D-4009-8319-534A0AA03335}.Debug|x86.Build.0 = Debug|Win32
		{7261F757-5F8D-4009-8319-534A0AA03335}.Release|x64.ActiveCfg = Release|x64
		{7261F757-5F8D-4009-8319-534A0AA03335}.Release|x64.Build.0 = Release|x64
		{7261F757-5F8D-4009-8319-534A0AA03335}.Release|x86.ActiveCfg = Release|Win32
		{7261F757-5F8D-4009-8319-534A0AA03335}.Release|x86.Build.0 = Release|Win32
		{FAF18C56-2863-4E71-B36F-FA043409419D}.Debug|x64.ActiveCfg = Debug|x64
		{FAF18C56-2863-4E71-B36F-FA043409419D}.Debug|x64.Build.0 = Debug|x64
		{FAF18C56-2863-4E71-B36F-FA043409419D}.Debug|x86.ActiveCfg = Debug|Win32
		{FAF18C56-2863-4E71-B36F-FA043409419D}.Debug|x86.Build.0 = Debug|Win32
		{FAF18C56-2863-4E71-B36F-FA043409419D}.Release|x64.ActiveCfg = Release|x64
		{FAF18C56-2863-4E71-B36F-FA043409419D}.Release|x64.Build.0 = Release|x64
		{FAF18C56-2863-4E71-B36F-FA043409419D}.Release|x86.ActiveCfg = Release|Win32
		{FAF18C56-2863-4E71-B36F-FA043409419D}.Release|x86.Build.0 = Release|Win32
		{B9AF3A96-5F3A-41C3-BF28-F42D0B0B09BE}.Debug|x64.ActiveCfg = Debug|x64
		{B9AF3A96-5F3A-41C3-BF28-F42D0B0B09BE}.Debug|x64.Build.0 = Debug|x64
		{B9AF3A96-5F3A-41C3-BF28-F42D0B0B09BE}.Debug|x86.ActiveCfg = Debug|Win32
		{B9AF3A96-5F3A-41C3-BF28-F42D0B0B09BE}.Debug|x86.Build.0 = Debug|Win32
		{B9AF3A96-5F3A-41C3-BF28-F42D0B0B09BE}.Release|x64.ActiveCfg = Release|x64
		{B9AF3A96-5F3A-41C3-BF28-F42D0B0B09BE}.Release|x64.Build.0 = Release|x64
		{B9AF3A96-5F3A-41C3-BF28-F42D0B0B09BE}.Release|x86.ActiveCfg = Release|Win32
		{B9AF3A96-5F3A-41C3-BF28-F42D0B0B09BE}.Release|x86.Build.0 = Release|Win32
	EndGlobalSection
	GlobalSection(SolutionProperties) = preSolution
		HideSolutionNode = FALSE
	EndGlobalSection
	GlobalSection(ExtensibilityGlobals) = postSolution
		SolutionGuid = {1651DCA0-5C07-48A9-A8DF-DCA416553952}
	EndGlobalSection
EndGlobal
